
Microsoft Visual Studio Solution File, Format Version 12.00
# Visual Studio Version 17
VisualStudioVersion = 17.12.35521.163
MinimumVisualStudioVersion = 10.0.40219.1
Project("{2150E333-8FDC-42A3-9474-1A3956D46DE8}") = "site", "site", "{EE4EAD12-28FA-4459-B2EB-A40BE3FCD6C7}"
	ProjectSection(SolutionItems) = preProject
		site\app.js = site\app.js
		site\index.html = site\index.html
		site\styles.css = site\styles.css
	EndProjectSection
EndProject
Project("{2150E333-8FDC-42A3-9474-1A3956D46DE8}") = "images", "images", "{41A93B7A-9DAE-4918-BBF7-E05CEEA18A9A}"
	ProjectSection(SolutionItems) = preProject
		site\images\adtec-software-icon.png = site\images\adtec-software-icon.png
		site\images\aws-certified-cloud-practitioner.png = site\images\aws-certified-cloud-practitioner.png
		site\images\favicon.ico = site\images\favicon.ico
		site\images\linux-essentials-certificate.png = site\images\linux-essentials-certificate.png
		site\images\welcom-digital-icon.png = site\images\welcom-digital-icon.png
	EndProjectSection
EndProject
Global
	GlobalSection(SolutionProperties) = preSolution
		HideSolutionNode = FALSE
	EndGlobalSection
	GlobalSection(NestedProjects) = preSolution
		{41A93B7A-9DAE-4918-BBF7-E05CEEA18A9A} = {EE4EAD12-28FA-4459-B2EB-A40BE3FCD6C7}
	EndGlobalSection
EndGlobal
